
Microsoft Visual Studio Solution File, Format Version 12.00
# Visual Studio Version 17
VisualStudioVersion = 17.11.35219.272
MinimumVisualStudioVersion = 10.0.40219.1
Project("{FAE04EC0-301F-11D3-BF4B-00C04F79EFBC}") = "TestProject", "TestProject\TestProject.csproj", "{EB2CB8B0-0840-4067-8AF9-B6A1F5E3BB03}"
EndProject
Global
	GlobalSection(SolutionConfigurationPlatforms) = preSolution
		Debug|Any CPU = Debug|Any CPU
		Release|Any CPU = Release|Any CPU
	EndGlobalSection
	GlobalSection(ProjectConfigurationPlatforms) = postSolution
		{EB2CB8B0-0840-4067-8AF9-B6A1F5E3BB03}.Debug|Any CPU.ActiveCfg = Debug|Any CPU
		{EB2CB8B0-0840-4067-8AF9-B6A1F5E3BB03}.Debug|Any CPU.Build.0 = Debug|Any CPU
		{EB2CB8B0-0840-4067-8AF9-B6A1F5E3BB03}.Release|Any CPU.ActiveCfg = Release|Any CPU
		{EB2CB8B0-0840-4067-8AF9-B6A1F5E3BB03}.Release|Any CPU.Build.0 = Release|Any CPU
	EndGlobalSection
	GlobalSection(SolutionProperties) = preSolution
		HideSolutionNode = FALSE
	EndGlobalSection
	GlobalSection(ExtensibilityGlobals) = postSolution
		SolutionGuid = {FD76E5FC-72D7-47A0-9AB6-FA1DB69C2C0A}
	EndGlobalSection
EndGlobal
